
Microsoft Visual Studio Solution File, Format Version 12.00
# Visual Studio Version 17
VisualStudioVersion = 17.3.32825.248
MinimumVisualStudioVersion = 10.0.40219.1
Project("{FAE04EC0-301F-11D3-BF4B-00C04F79EFBC}") = "Operators_patika_dev", "Operators_patika_dev\Operators_patika_dev.csproj", "{5BA5D257-8CFA-45C7-B43D-9475A55A1876}"
EndProject
Global
	GlobalSection(SolutionConfigurationPlatforms) = preSolution
		Debug|Any CPU = Debug|Any CPU
		Release|Any CPU = Release|Any CPU
	EndGlobalSection
	GlobalSection(ProjectConfigurationPlatforms) = postSolution
		{5BA5D257-8CFA-45C7-B43D-9475A55A1876}.Debug|Any CPU.ActiveCfg = Debug|Any CPU
		{5BA5D257-8CFA-45C7-B43D-9475A55A1876}.Debug|Any CPU.Build.0 = Debug|Any CPU
		{5BA5D257-8CFA-45C7-B43D-9475A55A1876}.Release|Any CPU.ActiveCfg = Release|Any CPU
		{5BA5D257-8CFA-45C7-B43D-9475A55A1876}.Release|Any CPU.Build.0 = Release|Any CPU
	EndGlobalSection
	GlobalSection(SolutionProperties) = preSolution
		HideSolutionNode = FALSE
	EndGlobalSection
	GlobalSection(ExtensibilityGlobals) = postSolution
		SolutionGuid = {3E7BAC7D-7EA0-46D6-93C6-F548EF923D65}
	EndGlobalSection
EndGlobal
